
Microsoft Visual Studio Solution File, Format Version 12.00
# Visual Studio Version 17
VisualStudioVersion = 17.8.34330.188
MinimumVisualStudioVersion = 10.0.40219.1
Project("{9A19103F-16F7-4668-BE54-9A1E7A4F7556}") = "QueuesDemo", "QueuesDemo\QueuesDemo.csproj", "{EBAF07C4-D197-4D37-9FC6-8BE88686B74C}"
EndProject
Project("{FAE04EC0-301F-11D3-BF4B-00C04F79EFBC}") = "BlobContainersDemo", "BlobContainersDemo\BlobContainersDemo.csproj", "{D995A056-766A-40EE-BEDC-BD14DE0CA43F}"
EndProject
Global
	GlobalSection(SolutionConfigurationPlatforms) = preSolution
		Debug|Any CPU = Debug|Any CPU
		Release|Any CPU = Release|Any CPU
	EndGlobalSection
	GlobalSection(ProjectConfigurationPlatforms) = postSolution
		{EBAF07C4-D197-4D37-9FC6-8BE88686B74C}.Debug|Any CPU.ActiveCfg = Debug|Any CPU
		{EBAF07C4-D197-4D37-9FC6-8BE88686B74C}.Debug|Any CPU.Build.0 = Debug|Any CPU
		{EBAF07C4-D197-4D37-9FC6-8BE88686B74C}.Release|Any CPU.ActiveCfg = Release|Any CPU
		{EBAF07C4-D197-4D37-9FC6-8BE88686B74C}.Release|Any CPU.Build.0 = Release|Any CPU
		{D995A056-766A-40EE-BEDC-BD14DE0CA43F}.Debug|Any CPU.ActiveCfg = Debug|Any CPU
		{D995A056-766A-40EE-BEDC-BD14DE0CA43F}.Debug|Any CPU.Build.0 = Debug|Any CPU
		{D995A056-766A-40EE-BEDC-BD14DE0CA43F}.Release|Any CPU.ActiveCfg = Release|Any CPU
		{D995A056-766A-40EE-BEDC-BD14DE0CA43F}.Release|Any CPU.Build.0 = Release|Any CPU
	EndGlobalSection
	GlobalSection(SolutionProperties) = preSolution
		HideSolutionNode = FALSE
	EndGlobalSection
	GlobalSection(ExtensibilityGlobals) = postSolution
		SolutionGuid = {E5BE6B7C-9DCD-407D-A689-5443B22BD691}
	EndGlobalSection
EndGlobal
